// !$*UTF8*$!
{
	archiveVersion = 1;
	classes = {
	};
	objectVersion = 50;
	objects = {

/* Begin PBXBuildFile section */
		F87E58012368A078004B13F0 /* AppDelegate.swift in Sources */ = {isa = PBXBuildFile; fileRef = F87E58002368A078004B13F0 /* AppDelegate.swift */; };
		F87E58032368A078004B13F0 /* SceneDelegate.swift in Sources */ = {isa = PBXBuildFile; fileRef = F87E58022368A078004B13F0 /* SceneDelegate.swift */; };
		F87E58052368A078004B13F0 /* CounterView.swift in Sources */ = {isa = PBXBuildFile; fileRef = F87E58042368A078004B13F0 /* CounterView.swift */; };
		F87E58072368A07A004B13F0 /* Assets.xcassets in Resources */ = {isa = PBXBuildFile; fileRef = F87E58062368A07A004B13F0 /* Assets.xcassets */; };
		F87E580A2368A07A004B13F0 /* Preview Assets.xcassets in Resources */ = {isa = PBXBuildFile; fileRef = F87E58092368A07A004B13F0 /* Preview Assets.xcassets */; };
		F87E580D2368A07A004B13F0 /* LaunchScreen.storyboard in Resources */ = {isa = PBXBuildFile; fileRef = F87E580B2368A07A004B13F0 /* LaunchScreen.storyboard */; };
		F87E58152368A40A004B13F0 /* ActivityIndicatorView.swift in Sources */ = {isa = PBXBuildFile; fileRef = F87E58142368A40A004B13F0 /* ActivityIndicatorView.swift */; };
		F87E58172368A636004B13F0 /* CounterViewModel.swift in Sources */ = {isa = PBXBuildFile; fileRef = F87E58162368A636004B13F0 /* CounterViewModel.swift */; };
/* End PBXBuildFile section */

/* Begin PBXFileReference section */
		F87E57FD2368A078004B13F0 /* Counter-SwiftUI.app */ = {isa = PBXFileReference; explicitFileType = wrapper.application; includeInIndex = 0; path = "Counter-SwiftUI.app"; sourceTree = BUILT_PRODUCTS_DIR; };
		F87E58002368A078004B13F0 /* AppDelegate.swift */ = {isa = PBXFileReference; lastKnownFileType = sourcecode.swift; path = AppDelegate.swift; sourceTree = "<group>"; };
		F87E58022368A078004B13F0 /* SceneDelegate.swift */ = {isa = PBXFileReference; lastKnownFileType = sourcecode.swift; path = SceneDelegate.swift; sourceTree = "<group>"; };
		F87E58042368A078004B13F0 /* CounterView.swift */ = {isa = PBXFileReference; lastKnownFileType = sourcecode.swift; path = CounterView.swift; sourceTree = "<group>"; };
		F87E58062368A07A004B13F0 /* Assets.xcassets */ = {isa = PBXFileReference; lastKnownFileType = folder.assetcatalog; path = Assets.xcassets; sourceTree = "<group>"; };
		F87E58092368A07A004B13F0 /* Preview Assets.xcassets */ = {isa = PBXFileReference; lastKnownFileType = folder.assetcatalog; path = "Preview Assets.xcassets"; sourceTree = "<group>"; };
		F87E580C2368A07A004B13F0 /* Base */ = {isa = PBXFileReference; lastKnownFileType = file.storyboard; name = Base; path = Base.lproj/LaunchScreen.storyboard; sourceTree = "<group>"; };
		F87E580E2368A07A004B13F0 /* Info.plist */ = {isa = PBXFileReference; lastKnownFileType = text.plist.xml; path = Info.plist; sourceTree = "<group>"; };
		F87E58142368A40A004B13F0 /* ActivityIndicatorView.swift */ = {isa = PBXFileReference; lastKnownFileType = sourcecode.swift; path = ActivityIndicatorView.swift; sourceTree = "<group>"; };
		F87E58162368A636004B13F0 /* CounterViewModel.swift */ = {isa = PBXFileReference; lastKnownFileType = sourcecode.swift; path = CounterViewModel.swift; sourceTree = "<group>"; };
/* End PBXFileReference section */

/* Begin PBXFrameworksBuildPhase section */
		F87E57FA2368A078004B13F0 /* Frameworks */ = {
			isa = PBXFrameworksBuildPhase;
			buildActionMask = 2147483647;
			files = (
			);
			runOnlyForDeploymentPostprocessing = 0;
		};
/* End PBXFrameworksBuildPhase section */

/* Begin PBXGroup section */
		F87E57F42368A078004B13F0 = {
			isa = PBXGroup;
			children = (
				F87E57FF2368A078004B13F0 /* Counter-SwiftUI */,
				F87E57FE2368A078004B13F0 /* Products */,
			);
			sourceTree = "<group>";
		};
		F87E57FE2368A078004B13F0 /* Products */ = {
			isa = PBXGroup;
			children = (
				F87E57FD2368A078004B13F0 /* Counter-SwiftUI.app */,
			);
			name = Products;
			sourceTree = "<group>";
		};
		F87E57FF2368A078004B13F0 /* Counter-SwiftUI */ = {
			isa = PBXGroup;
			children = (
				F87E58002368A078004B13F0 /* AppDelegate.swift */,
				F87E58022368A078004B13F0 /* SceneDelegate.swift */,
				F87E58142368A40A004B13F0 /* ActivityIndicatorView.swift */,
				F87E58042368A078004B13F0 /* CounterView.swift */,
				F87E58162368A636004B13F0 /* CounterViewModel.swift */,
				F87E58062368A07A004B13F0 /* Assets.xcassets */,
				F87E580B2368A07A004B13F0 /* LaunchScreen.storyboard */,
				F87E580E2368A07A004B13F0 /* Info.plist */,
				F87E58082368A07A004B13F0 /* Preview Content */,
			);
			path = "Counter-SwiftUI";
			sourceTree = "<group>";
		};
		F87E58082368A07A004B13F0 /* Preview Content */ = {
			isa = PBXGroup;
			children = (
				F87E58092368A07A004B13F0 /* Preview Assets.xcassets */,
			);
			path = "Preview Content";
			sourceTree = "<group>";
		};
/* End PBXGroup section */

/* Begin PBXNativeTarget section */
		F87E57FC2368A078004B13F0 /* Counter-SwiftUI */ = {
			isa = PBXNativeTarget;
			buildConfigurationList = F87E58112368A07A004B13F0 /* Build configuration list for PBXNativeTarget "Counter-SwiftUI" */;
			buildPhases = (
				F87E57F92368A078004B13F0 /* Sources */,
				F87E57FA2368A078004B13F0 /* Frameworks */,
				F87E57FB2368A078004B13F0 /* Resources */,
			);
			buildRules = (
			);
			dependencies = (
			);
			name = "Counter-SwiftUI";
			productName = "Counter-SwiftUI";
			productReference = F87E57FD2368A078004B13F0 /* Counter-SwiftUI.app */;
			productType = "com.apple.product-type.application";
		};
/* End PBXNativeTarget section */

/* Begin PBXProject section */
		F87E57F52368A078004B13F0 /* Project object */ = {
			isa = PBXProject;
			attributes = {
				LastSwiftUpdateCheck = 1100;
				LastUpgradeCheck = 1100;
				ORGANIZATIONNAME = "Jaehyeon Lee";
				TargetAttributes = {
					F87E57FC2368A078004B13F0 = {
						CreatedOnToolsVersion = 11.0;
					};
				};
			};
			buildConfigurationList = F87E57F82368A078004B13F0 /* Build configuration list for PBXProject "Counter-SwiftUI" */;
			compatibilityVersion = "Xcode 9.3";
			developmentRegion = en;
			hasScannedForEncodings = 0;
			knownRegions = (
				en,
				Base,
			);
			mainGroup = F87E57F42368A078004B13F0;
			productRefGroup = F87E57FE2368A078004B13F0 /* Products */;
			projectDirPath = "";
			projectRoot = "";
			targets = (
				F87E57FC2368A078004B13F0 /* Counter-SwiftUI */,
			);
		};
/* End PBXProject section */

/* Begin PBXResourcesBuildPhase section */
		F87E57FB2368A078004B13F0 /* Resources */ = {
			isa = PBXResourcesBuildPhase;
			buildActionMask = 2147483647;
			files = (
				F87E580D2368A07A004B13F0 /* LaunchScreen.storyboard in Resources */,
				F87E580A2368A07A004B13F0 /* Preview Assets.xcassets in Resources */,
				F87E58072368A07A004B13F0 /* Assets.xcassets in Resources */,
			);
			runOnlyForDeploymentPostprocessing = 0;
		};
/* End PBXResourcesBuildPhase section */

/* Begin PBXSourcesBuildPhase section */
		F87E57F92368A078004B13F0 /* Sources */ = {
			isa = PBXSourcesBuildPhase;
			buildActionMask = 2147483647;
			files = (
				F87E58172368A636004B13F0 /* CounterViewModel.swift in Sources */,
				F87E58012368A078004B13F0 /* AppDelegate.swift in Sources */,
				F87E58032368A078004B13F0 /* SceneDelegate.swift in Sources */,
				F87E58052368A078004B13F0 /* CounterView.swift in Sources */,
				F87E58152368A40A004B13F0 /* ActivityIndicatorView.swift in Sources */,
			);
			runOnlyForDeploymentPostprocessing = 0;
		};
/* End PBXSourcesBuildPhase section */

/* Begin PBXVariantGroup section */
		F87E580B2368A07A004B13F0 /* LaunchScreen.storyboard */ = {
			isa = PBXVariantGroup;
			children = (
				F87E580C2368A07A004B13F0 /* Base */,
			);
			name = LaunchScreen.storyboard;
			sourceTree = "<group>";
		};
/* End PBXVariantGroup section */

/* Begin XCBuildConfiguration section */
		F87E580F2368A07A004B13F0 /* Debug */ = {
			isa = XCBuildConfiguration;
			buildSettings = {
				ALWAYS_SEARCH_USER_PATHS = NO;
				CLANG_ANALYZER_NONNULL = YES;
				CLANG_ANALYZER_NUMBER_OBJECT_CONVERSION = YES_AGGRESSIVE;
				CLANG_CXX_LANGUAGE_STANDARD = "gnu++14";
				CLANG_CXX_LIBRARY = "libc++";
				CLANG_ENABLE_MODULES = YES;
				CLANG_ENABLE_OBJC_ARC = YES;
				CLANG_ENABLE_OBJC_WEAK = YES;
				CLANG_WARN_BLOCK_CAPTURE_AUTORELEASING = YES;
				CLANG_WARN_BOOL_CONVERSION = YES;
				CLANG_WARN_COMMA = YES;
				CLANG_WARN_CONSTANT_CONVERSION = YES;
				CLANG_WARN_DEPRECATED_OBJC_IMPLEMENTATIONS = YES;
				CLANG_WARN_DIRECT_OBJC_ISA_USAGE = YES_ERROR;
				CLANG_WARN_DOCUMENTATION_COMMENTS = YES;
				CLANG_WARN_EMPTY_BODY = YES;
				CLANG_WARN_ENUM_CONVERSION = YES;
				CLANG_WARN_INFINITE_RECURSION = YES;
				CLANG_WARN_INT_CONVERSION = YES;
				CLANG_WARN_NON_LITERAL_NULL_CONVERSION = YES;
				CLANG_WARN_OBJC_IMPLICIT_RETAIN_SELF = YES;
				CLANG_WARN_OBJC_LITERAL_CONVERSION = YES;
				CLANG_WARN_OBJC_ROOT_CLASS = YES_ERROR;
				CLANG_WARN_RANGE_LOOP_ANALYSIS = YES;
				CLANG_WARN_STRICT_PROTOTYPES = YES;
				CLANG_WARN_SUSPICIOUS_MOVE = YES;
				CLANG_WARN_UNGUARDED_AVAILABILITY = YES_AGGRESSIVE;
				CLANG_WARN_UNREACHABLE_CODE = YES;
				CLANG_WARN__DUPLICATE_METHOD_MATCH = YES;
				COPY_PHASE_STRIP = NO;
				DEBUG_INFORMATION_FORMAT = dwarf;
				ENABLE_STRICT_OBJC_MSGSEND = YES;
				ENABLE_TESTABILITY = YES;
				GCC_C_LANGUAGE_STANDARD = gnu11;
				GCC_DYNAMIC_NO_PIC = NO;
				GCC_NO_COMMON_BLOCKS = YES;
				GCC_OPTIMIZATION_LEVEL = 0;
				GCC_PREPROCESSOR_DEFINITIONS = (
					"DEBUG=1",
					"$(inherited)",
				);
				GCC_WARN_64_TO_32_BIT_CONVERSION = YES;
				GCC_WARN_ABOUT_RETURN_TYPE = YES_ERROR;
				GCC_WARN_UNDECLARED_SELECTOR = YES;
				GCC_WARN_UNINITIALIZED_AUTOS = YES_AGGRESSIVE;
				GCC_WARN_UNUSED_FUNCTION = YES;
				GCC_WARN_UNUSED_VARIABLE = YES;
				IPHONEOS_DEPLOYMENT_TARGET = 13.0;
				MTL_ENABLE_DEBUG_INFO = INCLUDE_SOURCE;
				MTL_FAST_MATH = YES;
				ONLY_ACTIVE_ARCH = YES;
				SDKROOT = iphoneos;
				SWIFT_ACTIVE_COMPILATION_CONDITIONS = DEBUG;
				SWIFT_OPTIMIZATION_LEVEL = "-Onone";
			};
			name = Debug;
		};
		F87E58102368A07A004B13F0 /* Release */ = {
			isa = XCBuildConfiguration;
			buildSettings = {
				ALWAYS_SEARCH_USER_PATHS = NO;
				CLANG_ANALYZER_NONNULL = YES;
				CLANG_ANALYZER_NUMBER_OBJECT_CONVERSION = YES_AGGRESSIVE;
				CLANG_CXX_LANGUAGE_STANDARD = "gnu++14";
				CLANG_CXX_LIBRARY = "libc++";
				CLANG_ENABLE_MODULES = YES;
				CLANG_ENABLE_OBJC_ARC = YES;
				CLANG_ENABLE_OBJC_WEAK = YES;
				CLANG_WARN_BLOCK_CAPTURE_AUTORELEASING = YES;
				CLANG_WARN_BOOL_CONVERSION = YES;
				CLANG_WARN_COMMA = YES;
				CLANG_WARN_CONSTANT_CONVERSION = YES;
				CLANG_WARN_DEPRECATED_OBJC_IMPLEMENTATIONS = YES;
				CLANG_WARN_DIRECT_OBJC_ISA_USAGE = YES_ERROR;
				CLANG_WARN_DOCUMENTATION_COMMENTS = YES;
				CLANG_WARN_EMPTY_BODY = YES;
				CLANG_WARN_ENUM_CONVERSION = YES;
				CLANG_WARN_INFINITE_RECURSION = YES;
				CLANG_WARN_INT_CONVERSION = YES;
				CLANG_WARN_NON_LITERAL_NULL_CONVERSION = YES;
				CLANG_WARN_OBJC_IMPLICIT_RETAIN_SELF = YES;
				CLANG_WARN_OBJC_LITERAL_CONVERSION = YES;
				CLANG_WARN_OBJC_ROOT_CLASS = YES_ERROR;
				CLANG_WARN_RANGE_LOOP_ANALYSIS = YES;
				CLANG_WARN_STRICT_PROTOTYPES = YES;
				CLANG_WARN_SUSPICIOUS_MOVE = YES;
				CLANG_WARN_UNGUARDED_AVAILABILITY = YES_AGGRESSIVE;
				CLANG_WARN_UNREACHABLE_CODE = YES;
				CLANG_WARN__DUPLICATE_METHOD_MATCH = YES;
				COPY_PHASE_STRIP = NO;
				DEBUG_INFORMATION_FORMAT = "dwarf-with-dsym";
				ENABLE_NS_ASSERTIONS = NO;
				ENABLE_STRICT_OBJC_MSGSEND = YES;
				GCC_C_LANGUAGE_STANDARD = gnu11;
				GCC_NO_COMMON_BLOCKS = YES;
				GCC_WARN_64_TO_32_BIT_CONVERSION = YES;
				GCC_WARN_ABOUT_RETURN_TYPE = YES_ERROR;
				GCC_WARN_UNDECLARED_SELECTOR = YES;
				GCC_WARN_UNINITIALIZED_AUTOS = YES_AGGRESSIVE;
				GCC_WARN_UNUSED_FUNCTION = YES;
				GCC_WARN_UNUSED_VARIABLE = YES;
				IPHONEOS_DEPLOYMENT_TARGET = 13.0;
				MTL_ENABLE_DEBUG_INFO = NO;
				MTL_FAST_MATH = YES;
				SDKROOT = iphoneos;
				SWIFT_COMPILATION_MODE = wholemodule;
				SWIFT_OPTIMIZATION_LEVEL = "-O";
				VALIDATE_PRODUCT = YES;
			};
			name = Release;
		};
		F87E58122368A07A004B13F0 /* Debug */ = {
			isa = XCBuildConfiguration;
			buildSettings = {
				ASSETCATALOG_COMPILER_APPICON_NAME = AppIcon;
				CODE_SIGN_STYLE = Automatic;
				DEVELOPMENT_ASSET_PATHS = "\"Counter-SwiftUI/Preview Content\"";
				DEVELOPMENT_TEAM = FFS96T37YK;
				ENABLE_PREVIEWS = YES;
				INFOPLIST_FILE = "Counter-SwiftUI/Info.plist";
				LD_RUNPATH_SEARCH_PATHS = (
					"$(inherited)",
					"@executable_path/Frameworks",
				);
				PRODUCT_BUNDLE_IDENTIFIER = "kr.previous.Counter-SwiftUI";
				PRODUCT_NAME = "$(TARGET_NAME)";
				SWIFT_VERSION = 5.0;
				TARGETED_DEVICE_FAMILY = "1,2";
			};
			name = Debug;
		};
		F87E58132368A07A004B13F0 /* Release */ = {
			isa = XCBuildConfiguration;
			buildSettings = {
				ASSETCATALOG_COMPILER_APPICON_NAME = AppIcon;
				CODE_SIGN_STYLE = Automatic;
				DEVELOPMENT_ASSET_PATHS = "\"Counter-SwiftUI/Preview Content\"";
				DEVELOPMENT_TEAM = FFS96T37YK;
				ENABLE_PREVIEWS = YES;
				INFOPLIST_FILE = "Counter-SwiftUI/Info.plist";
				LD_RUNPATH_SEARCH_PATHS = (
					"$(inherited)",
					"@executable_path/Frameworks",
				);
				PRODUCT_BUNDLE_IDENTIFIER = "kr.previous.Counter-SwiftUI";
				PRODUCT_NAME = "$(TARGET_NAME)";
				SWIFT_VERSION = 5.0;
				TARGETED_DEVICE_FAMILY = "1,2";
			};
			name = Release;
		};
/* End XCBuildConfiguration section */

/* Begin XCConfigurationList section */
		F87E57F82368A078004B13F0 /* Build configuration list for PBXProject "Counter-SwiftUI" */ = {
			isa = XCConfigurationList;
			buildConfigurations = (
				F87E580F2368A07A004B13F0 /* Debug */,
				F87E58102368A07A004B13F0 /* Release */,
			);
			defaultConfigurationIsVisible = 0;
			defaultConfigurationName = Release;
		};
		F87E58112368A07A004B13F0 /* Build configuration list for PBXNativeTarget "Counter-SwiftUI" */ = {
			isa = XCConfigurationList;
			buildConfigurations = (
				F87E58122368A07A004B13F0 /* Debug */,
				F87E58132368A07A004B13F0 /* Release */,
			);
			defaultConfigurationIsVisible = 0;
			defaultConfigurationName = Release;
		};
/* End XCConfigurationList section */
	};
	rootObject = F87E57F52368A078004B13F0 /* Project object */;
}
